
Microsoft Visual Studio Solution File, Format Version 12.00
# Visual Studio Version 17
VisualStudioVersion = 17.0.31903.59
MinimumVisualStudioVersion = 10.0.40219.1
Project("{FAE04EC0-301F-11D3-BF4B-00C04F79EFBC}") = "Edelstein.Data", "Edelstein.Data.csproj", "{004E5579-9BB7-4B5B-80D6-50826D203D41}"
EndProject
Global
	GlobalSection(SolutionConfigurationPlatforms) = preSolution
		Debug|Any CPU = Debug|Any CPU
		Release|Any CPU = Release|Any CPU
	EndGlobalSection
	GlobalSection(SolutionProperties) = preSolution
		HideSolutionNode = FALSE
	EndGlobalSection
	GlobalSection(ProjectConfigurationPlatforms) = postSolution
		{004E5579-9BB7-4B5B-80D6-50826D203D41}.Debug|Any CPU.ActiveCfg = Debug|Any CPU
		{004E5579-9BB7-4B5B-80D6-50826D203D41}.Debug|Any CPU.Build.0 = Debug|Any CPU
		{004E5579-9BB7-4B5B-80D6-50826D203D41}.Release|Any CPU.ActiveCfg = Release|Any CPU
		{004E5579-9BB7-4B5B-80D6-50826D203D41}.Release|Any CPU.Build.0 = Release|Any CPU
	EndGlobalSection
EndGlobal
